// !$*UTF8*$!
{
	archiveVersion = 1;
	classes = {
	};
	objectVersion = 48;
	objects = {

/* Begin PBXBuildFile section */
		60B8AD7020224B7900D37E0A /* AppDelegate.swift in Sources */ = {isa = PBXBuildFile; fileRef = 60B8AD6F20224B7900D37E0A /* AppDelegate.swift */; };
		60B8AD7520224B7900D37E0A /* Main.storyboard in Resources */ = {isa = PBXBuildFile; fileRef = 60B8AD7320224B7900D37E0A /* Main.storyboard */; };
		60B8AD7820224B7900D37E0A /* Groceries.xcdatamodeld in Sources */ = {isa = PBXBuildFile; fileRef = 60B8AD7620224B7900D37E0A /* Groceries.xcdatamodeld */; };
		60B8AD7A20224B7900D37E0A /* Assets.xcassets in Resources */ = {isa = PBXBuildFile; fileRef = 60B8AD7920224B7900D37E0A /* Assets.xcassets */; };
		60B8AD7D20224B7900D37E0A /* LaunchScreen.storyboard in Resources */ = {isa = PBXBuildFile; fileRef = 60B8AD7B20224B7900D37E0A /* LaunchScreen.storyboard */; };
		60B8AD8520224D5200D37E0A /* GroceriesListTableViewController.swift in Sources */ = {isa = PBXBuildFile; fileRef = 60B8AD8420224D5200D37E0A /* GroceriesListTableViewController.swift */; };
		60B8AD8720224D6200D37E0A /* GroceriesListTableViewCell.swift in Sources */ = {isa = PBXBuildFile; fileRef = 60B8AD8620224D6200D37E0A /* GroceriesListTableViewCell.swift */; };
		A3AD85392022B38600E28B0E /* Item+CoreDataClass.swift in Sources */ = {isa = PBXBuildFile; fileRef = A3AD85372022B38600E28B0E /* Item+CoreDataClass.swift */; };
		A3AD853A2022B38600E28B0E /* Item+CoreDataProperties.swift in Sources */ = {isa = PBXBuildFile; fileRef = A3AD85382022B38600E28B0E /* Item+CoreDataProperties.swift */; };
		A3AD853D2022B3C100E28B0E /* DataManager.swift in Sources */ = {isa = PBXBuildFile; fileRef = A3AD853C2022B3C100E28B0E /* DataManager.swift */; };
		A3AD853F2022B52800E28B0E /* DAOItem.swift in Sources */ = {isa = PBXBuildFile; fileRef = A3AD853E2022B52800E28B0E /* DAOItem.swift */; };
/* End PBXBuildFile section */

/* Begin PBXFileReference section */
		60B8AD6C20224B7900D37E0A /* Groceries.app */ = {isa = PBXFileReference; explicitFileType = wrapper.application; includeInIndex = 0; path = Groceries.app; sourceTree = BUILT_PRODUCTS_DIR; };
		60B8AD6F20224B7900D37E0A /* AppDelegate.swift */ = {isa = PBXFileReference; lastKnownFileType = sourcecode.swift; path = AppDelegate.swift; sourceTree = "<group>"; };
		60B8AD7420224B7900D37E0A /* Base */ = {isa = PBXFileReference; lastKnownFileType = file.storyboard; name = Base; path = Base.lproj/Main.storyboard; sourceTree = "<group>"; };
		60B8AD7720224B7900D37E0A /* Groceries.xcdatamodel */ = {isa = PBXFileReference; lastKnownFileType = wrapper.xcdatamodel; path = Groceries.xcdatamodel; sourceTree = "<group>"; };
		60B8AD7920224B7900D37E0A /* Assets.xcassets */ = {isa = PBXFileReference; lastKnownFileType = folder.assetcatalog; path = Assets.xcassets; sourceTree = "<group>"; };
		60B8AD7C20224B7900D37E0A /* Base */ = {isa = PBXFileReference; lastKnownFileType = file.storyboard; name = Base; path = Base.lproj/LaunchScreen.storyboard; sourceTree = "<group>"; };
		60B8AD7E20224B7900D37E0A /* Info.plist */ = {isa = PBXFileReference; lastKnownFileType = text.plist.xml; path = Info.plist; sourceTree = "<group>"; };
		60B8AD8420224D5200D37E0A /* GroceriesListTableViewController.swift */ = {isa = PBXFileReference; lastKnownFileType = sourcecode.swift; path = GroceriesListTableViewController.swift; sourceTree = "<group>"; };
		60B8AD8620224D6200D37E0A /* GroceriesListTableViewCell.swift */ = {isa = PBXFileReference; lastKnownFileType = sourcecode.swift; path = GroceriesListTableViewCell.swift; sourceTree = "<group>"; };
		A3AD85372022B38600E28B0E /* Item+CoreDataClass.swift */ = {isa = PBXFileReference; lastKnownFileType = sourcecode.swift; path = "Item+CoreDataClass.swift"; sourceTree = "<group>"; };
		A3AD85382022B38600E28B0E /* Item+CoreDataProperties.swift */ = {isa = PBXFileReference; lastKnownFileType = sourcecode.swift; path = "Item+CoreDataProperties.swift"; sourceTree = "<group>"; };
		A3AD853C2022B3C100E28B0E /* DataManager.swift */ = {isa = PBXFileReference; lastKnownFileType = sourcecode.swift; path = DataManager.swift; sourceTree = "<group>"; };
		A3AD853E2022B52800E28B0E /* DAOItem.swift */ = {isa = PBXFileReference; lastKnownFileType = sourcecode.swift; path = DAOItem.swift; sourceTree = "<group>"; };
/* End PBXFileReference section */

/* Begin PBXFrameworksBuildPhase section */
		60B8AD6920224B7900D37E0A /* Frameworks */ = {
			isa = PBXFrameworksBuildPhase;
			buildActionMask = 2147483647;
			files = (
			);
			runOnlyForDeploymentPostprocessing = 0;
		};
/* End PBXFrameworksBuildPhase section */

/* Begin PBXGroup section */
		60B8AD6320224B7900D37E0A = {
			isa = PBXGroup;
			children = (
				60B8AD6E20224B7900D37E0A /* Groceries */,
				60B8AD6D20224B7900D37E0A /* Products */,
			);
			sourceTree = "<group>";
		};
		60B8AD6D20224B7900D37E0A /* Products */ = {
			isa = PBXGroup;
			children = (
				60B8AD6C20224B7900D37E0A /* Groceries.app */,
			);
			name = Products;
			sourceTree = "<group>";
		};
		60B8AD6E20224B7900D37E0A /* Groceries */ = {
			isa = PBXGroup;
			children = (
				60B8AD6F20224B7900D37E0A /* AppDelegate.swift */,
				A3AD85452022D29300E28B0E /* Storyboards */,
				A3AD85432022D27D00E28B0E /* Controllers */,
				A3AD85442022D28800E28B0E /* Cells */,
				A3AD853B2022B38F00E28B0E /* CoreData */,
				60B8AD7920224B7900D37E0A /* Assets.xcassets */,
				60B8AD7E20224B7900D37E0A /* Info.plist */,
				60B8AD7620224B7900D37E0A /* Groceries.xcdatamodeld */,
			);
			path = Groceries;
			sourceTree = "<group>";
		};
		A3AD853B2022B38F00E28B0E /* CoreData */ = {
			isa = PBXGroup;
			children = (
				A3AD85422022D26B00E28B0E /* Entity */,
				A3AD853C2022B3C100E28B0E /* DataManager.swift */,
				A3AD853E2022B52800E28B0E /* DAOItem.swift */,
			);
			name = CoreData;
			sourceTree = "<group>";
		};
		A3AD85422022D26B00E28B0E /* Entity */ = {
			isa = PBXGroup;
			children = (
				A3AD85372022B38600E28B0E /* Item+CoreDataClass.swift */,
				A3AD85382022B38600E28B0E /* Item+CoreDataProperties.swift */,
			);
			name = Entity;
			sourceTree = "<group>";
		};
		A3AD85432022D27D00E28B0E /* Controllers */ = {
			isa = PBXGroup;
			children = (
				60B8AD8420224D5200D37E0A /* GroceriesListTableViewController.swift */,
			);
			name = Controllers;
			sourceTree = "<group>";
		};
		A3AD85442022D28800E28B0E /* Cells */ = {
			isa = PBXGroup;
			children = (
				60B8AD8620224D6200D37E0A /* GroceriesListTableViewCell.swift */,
			);
			name = Cells;
			sourceTree = "<group>";
		};
		A3AD85452022D29300E28B0E /* Storyboards */ = {
			isa = PBXGroup;
			children = (
				60B8AD7B20224B7900D37E0A /* LaunchScreen.storyboard */,
				60B8AD7320224B7900D37E0A /* Main.storyboard */,
			);
			name = Storyboards;
			sourceTree = "<group>";
		};
/* End PBXGroup section */

/* Begin PBXNativeTarget section */
		60B8AD6B20224B7900D37E0A /* Groceries */ = {
			isa = PBXNativeTarget;
			buildConfigurationList = 60B8AD8120224B7900D37E0A /* Build configuration list for PBXNativeTarget "Groceries" */;
			buildPhases = (
				60B8AD6820224B7900D37E0A /* Sources */,
				60B8AD6920224B7900D37E0A /* Frameworks */,
				60B8AD6A20224B7900D37E0A /* Resources */,
			);
			buildRules = (
			);
			dependencies = (
			);
			name = Groceries;
			productName = Groceries;
			productReference = 60B8AD6C20224B7900D37E0A /* Groceries.app */;
			productType = "com.apple.product-type.application";
		};
/* End PBXNativeTarget section */

/* Begin PBXProject section */
		60B8AD6420224B7900D37E0A /* Project object */ = {
			isa = PBXProject;
			attributes = {
				LastSwiftUpdateCheck = 0920;
				LastUpgradeCheck = 0920;
				ORGANIZATIONNAME = "Erick Borges";
				TargetAttributes = {
					60B8AD6B20224B7900D37E0A = {
						CreatedOnToolsVersion = 9.2;
						ProvisioningStyle = Automatic;
					};
				};
			};
			buildConfigurationList = 60B8AD6720224B7900D37E0A /* Build configuration list for PBXProject "Groceries" */;
			compatibilityVersion = "Xcode 8.0";
			developmentRegion = en;
			hasScannedForEncodings = 0;
			knownRegions = (
				en,
				Base,
			);
			mainGroup = 60B8AD6320224B7900D37E0A;
			productRefGroup = 60B8AD6D20224B7900D37E0A /* Products */;
			projectDirPath = "";
			projectRoot = "";
			targets = (
				60B8AD6B20224B7900D37E0A /* Groceries */,
			);
		};
/* End PBXProject section */

/* Begin PBXResourcesBuildPhase section */
		60B8AD6A20224B7900D37E0A /* Resources */ = {
			isa = PBXResourcesBuildPhase;
			buildActionMask = 2147483647;
			files = (
				60B8AD7D20224B7900D37E0A /* LaunchScreen.storyboard in Resources */,
				60B8AD7A20224B7900D37E0A /* Assets.xcassets in Resources */,
				60B8AD7520224B7900D37E0A /* Main.storyboard in Resources */,
			);
			runOnlyForDeploymentPostprocessing = 0;
		};
/* End PBXResourcesBuildPhase section */

/* Begin PBXSourcesBuildPhase section */
		60B8AD6820224B7900D37E0A /* Sources */ = {
			isa = PBXSourcesBuildPhase;
			buildActionMask = 2147483647;
			files = (
				A3AD853A2022B38600E28B0E /* Item+CoreDataProperties.swift in Sources */,
				A3AD853D2022B3C100E28B0E /* DataManager.swift in Sources */,
				A3AD85392022B38600E28B0E /* Item+CoreDataClass.swift in Sources */,
				60B8AD7820224B7900D37E0A /* Groceries.xcdatamodeld in Sources */,
				A3AD853F2022B52800E28B0E /* DAOItem.swift in Sources */,
				60B8AD7020224B7900D37E0A /* AppDelegate.swift in Sources */,
				60B8AD8520224D5200D37E0A /* GroceriesListTableViewController.swift in Sources */,
				60B8AD8720224D6200D37E0A /* GroceriesListTableViewCell.swift in Sources */,
			);
			runOnlyForDeploymentPostprocessing = 0;
		};
/* End PBXSourcesBuildPhase section */

/* Begin PBXVariantGroup section */
		60B8AD7320224B7900D37E0A /* Main.storyboard */ = {
			isa = PBXVariantGroup;
			children = (
				60B8AD7420224B7900D37E0A /* Base */,
			);
			name = Main.storyboard;
			sourceTree = "<group>";
		};
		60B8AD7B20224B7900D37E0A /* LaunchScreen.storyboard */ = {
			isa = PBXVariantGroup;
			children = (
				60B8AD7C20224B7900D37E0A /* Base */,
			);
			name = LaunchScreen.storyboard;
			sourceTree = "<group>";
		};
/* End PBXVariantGroup section */

/* Begin XCBuildConfiguration section */
		60B8AD7F20224B7900D37E0A /* Debug */ = {
			isa = XCBuildConfiguration;
			buildSettings = {
				ALWAYS_SEARCH_USER_PATHS = NO;
				CLANG_ANALYZER_NONNULL = YES;
				CLANG_ANALYZER_NUMBER_OBJECT_CONVERSION = YES_AGGRESSIVE;
				CLANG_CXX_LANGUAGE_STANDARD = "gnu++14";
				CLANG_CXX_LIBRARY = "libc++";
				CLANG_ENABLE_MODULES = YES;
				CLANG_ENABLE_OBJC_ARC = YES;
				CLANG_WARN_BLOCK_CAPTURE_AUTORELEASING = YES;
				CLANG_WARN_BOOL_CONVERSION = YES;
				CLANG_WARN_COMMA = YES;
				CLANG_WARN_CONSTANT_CONVERSION = YES;
				CLANG_WARN_DIRECT_OBJC_ISA_USAGE = YES_ERROR;
				CLANG_WARN_DOCUMENTATION_COMMENTS = YES;
				CLANG_WARN_EMPTY_BODY = YES;
				CLANG_WARN_ENUM_CONVERSION = YES;
				CLANG_WARN_INFINITE_RECURSION = YES;
				CLANG_WARN_INT_CONVERSION = YES;
				CLANG_WARN_NON_LITERAL_NULL_CONVERSION = YES;
				CLANG_WARN_OBJC_LITERAL_CONVERSION = YES;
				CLANG_WARN_OBJC_ROOT_CLASS = YES_ERROR;
				CLANG_WARN_RANGE_LOOP_ANALYSIS = YES;
				CLANG_WARN_STRICT_PROTOTYPES = YES;
				CLANG_WARN_SUSPICIOUS_MOVE = YES;
				CLANG_WARN_UNGUARDED_AVAILABILITY = YES_AGGRESSIVE;
				CLANG_WARN_UNREACHABLE_CODE = YES;
				CLANG_WARN__DUPLICATE_METHOD_MATCH = YES;
				CODE_SIGN_IDENTITY = "iPhone Developer";
				COPY_PHASE_STRIP = NO;
				DEBUG_INFORMATION_FORMAT = dwarf;
				ENABLE_STRICT_OBJC_MSGSEND = YES;
				ENABLE_TESTABILITY = YES;
				GCC_C_LANGUAGE_STANDARD = gnu11;
				GCC_DYNAMIC_NO_PIC = NO;
				GCC_NO_COMMON_BLOCKS = YES;
				GCC_OPTIMIZATION_LEVEL = 0;
				GCC_PREPROCESSOR_DEFINITIONS = (
					"DEBUG=1",
					"$(inherited)",
				);
				GCC_WARN_64_TO_32_BIT_CONVERSION = YES;
				GCC_WARN_ABOUT_RETURN_TYPE = YES_ERROR;
				GCC_WARN_UNDECLARED_SELECTOR = YES;
				GCC_WARN_UNINITIALIZED_AUTOS = YES_AGGRESSIVE;
				GCC_WARN_UNUSED_FUNCTION = YES;
				GCC_WARN_UNUSED_VARIABLE = YES;
				IPHONEOS_DEPLOYMENT_TARGET = 11.2;
				MTL_ENABLE_DEBUG_INFO = YES;
				ONLY_ACTIVE_ARCH = YES;
				SDKROOT = iphoneos;
				SWIFT_ACTIVE_COMPILATION_CONDITIONS = DEBUG;
				SWIFT_OPTIMIZATION_LEVEL = "-Onone";
			};
			name = Debug;
		};
		60B8AD8020224B7900D37E0A /* Release */ = {
			isa = XCBuildConfiguration;
			buildSettings = {
				ALWAYS_SEARCH_USER_PATHS = NO;
				CLANG_ANALYZER_NONNULL = YES;
				CLANG_ANALYZER_NUMBER_OBJECT_CONVERSION = YES_AGGRESSIVE;
				CLANG_CXX_LANGUAGE_STANDARD = "gnu++14";
				CLANG_CXX_LIBRARY = "libc++";
				CLANG_ENABLE_MODULES = YES;
				CLANG_ENABLE_OBJC_ARC = YES;
				CLANG_WARN_BLOCK_CAPTURE_AUTORELEASING = YES;
				CLANG_WARN_BOOL_CONVERSION = YES;
				CLANG_WARN_COMMA = YES;
				CLANG_WARN_CONSTANT_CONVERSION = YES;
				CLANG_WARN_DIRECT_OBJC_ISA_USAGE = YES_ERROR;
				CLANG_WARN_DOCUMENTATION_COMMENTS = YES;
				CLANG_WARN_EMPTY_BODY = YES;
				CLANG_WARN_ENUM_CONVERSION = YES;
				CLANG_WARN_INFINITE_RECURSION = YES;
				CLANG_WARN_INT_CONVERSION = YES;
				CLANG_WARN_NON_LITERAL_NULL_CONVERSION = YES;
				CLANG_WARN_OBJC_LITERAL_CONVERSION = YES;
				CLANG_WARN_OBJC_ROOT_CLASS = YES_ERROR;
				CLANG_WARN_RANGE_LOOP_ANALYSIS = YES;
				CLANG_WARN_STRICT_PROTOTYPES = YES;
				CLANG_WARN_SUSPICIOUS_MOVE = YES;
				CLANG_WARN_UNGUARDED_AVAILABILITY = YES_AGGRESSIVE;
				CLANG_WARN_UNREACHABLE_CODE = YES;
				CLANG_WARN__DUPLICATE_METHOD_MATCH = YES;
				CODE_SIGN_IDENTITY = "iPhone Developer";
				COPY_PHASE_STRIP = NO;
				DEBUG_INFORMATION_FORMAT = "dwarf-with-dsym";
				ENABLE_NS_ASSERTIONS = NO;
				ENABLE_STRICT_OBJC_MSGSEND = YES;
				GCC_C_LANGUAGE_STANDARD = gnu11;
				GCC_NO_COMMON_BLOCKS = YES;
				GCC_WARN_64_TO_32_BIT_CONVERSION = YES;
				GCC_WARN_ABOUT_RETURN_TYPE = YES_ERROR;
				GCC_WARN_UNDECLARED_SELECTOR = YES;
				GCC_WARN_UNINITIALIZED_AUTOS = YES_AGGRESSIVE;
				GCC_WARN_UNUSED_FUNCTION = YES;
				GCC_WARN_UNUSED_VARIABLE = YES;
				IPHONEOS_DEPLOYMENT_TARGET = 11.2;
				MTL_ENABLE_DEBUG_INFO = NO;
				SDKROOT = iphoneos;
				SWIFT_OPTIMIZATION_LEVEL = "-Owholemodule";
				VALIDATE_PRODUCT = YES;
			};
			name = Release;
		};
		60B8AD8220224B7900D37E0A /* Debug */ = {
			isa = XCBuildConfiguration;
			buildSettings = {
				ASSETCATALOG_COMPILER_APPICON_NAME = AppIcon;
				CODE_SIGN_STYLE = Automatic;
				DEVELOPMENT_TEAM = R4UV42BDH9;
				INFOPLIST_FILE = Groceries/Info.plist;
				LD_RUNPATH_SEARCH_PATHS = "$(inherited) @executable_path/Frameworks";
				PRODUCT_BUNDLE_IDENTIFIER = com.mackmobile.Groceries;
				PRODUCT_NAME = "$(TARGET_NAME)";
				SWIFT_VERSION = 4.0;
				TARGETED_DEVICE_FAMILY = "1,2";
			};
			name = Debug;
		};
		60B8AD8320224B7900D37E0A /* Release */ = {
			isa = XCBuildConfiguration;
			buildSettings = {
				ASSETCATALOG_COMPILER_APPICON_NAME = AppIcon;
				CODE_SIGN_STYLE = Automatic;
				DEVELOPMENT_TEAM = R4UV42BDH9;
				INFOPLIST_FILE = Groceries/Info.plist;
				LD_RUNPATH_SEARCH_PATHS = "$(inherited) @executable_path/Frameworks";
				PRODUCT_BUNDLE_IDENTIFIER = com.mackmobile.Groceries;
				PRODUCT_NAME = "$(TARGET_NAME)";
				SWIFT_VERSION = 4.0;
				TARGETED_DEVICE_FAMILY = "1,2";
			};
			name = Release;
		};
/* End XCBuildConfiguration section */

/* Begin XCConfigurationList section */
		60B8AD6720224B7900D37E0A /* Build configuration list for PBXProject "Groceries" */ = {
			isa = XCConfigurationList;
			buildConfigurations = (
				60B8AD7F20224B7900D37E0A /* Debug */,
				60B8AD8020224B7900D37E0A /* Release */,
			);
			defaultConfigurationIsVisible = 0;
			defaultConfigurationName = Release;
		};
		60B8AD8120224B7900D37E0A /* Build configuration list for PBXNativeTarget "Groceries" */ = {
			isa = XCConfigurationList;
			buildConfigurations = (
				60B8AD8220224B7900D37E0A /* Debug */,
				60B8AD8320224B7900D37E0A /* Release */,
			);
			defaultConfigurationIsVisible = 0;
			defaultConfigurationName = Release;
		};
/* End XCConfigurationList section */

/* Begin XCVersionGroup section */
		60B8AD7620224B7900D37E0A /* Groceries.xcdatamodeld */ = {
			isa = XCVersionGroup;
			children = (
				60B8AD7720224B7900D37E0A /* Groceries.xcdatamodel */,
			);
			currentVersion = 60B8AD7720224B7900D37E0A /* Groceries.xcdatamodel */;
			path = Groceries.xcdatamodeld;
			sourceTree = "<group>";
			versionGroupType = wrapper.xcdatamodel;
		};
/* End XCVersionGroup section */
	};
	rootObject = 60B8AD6420224B7900D37E0A /* Project object */;
}
